
Microsoft Visual Studio Solution File, Format Version 12.00
# Visual Studio Version 17
VisualStudioVersion = 17.4.33110.190
MinimumVisualStudioVersion = 10.0.40219.1
Project("{FAE04EC0-301F-11D3-BF4B-00C04F79EFBC}") = "PickACardUI", "PickACardUI\PickACardUI.csproj", "{8DCD74DD-6006-459E-B4ED-CFB6FB377ACA}"
EndProject
Global
	GlobalSection(SolutionConfigurationPlatforms) = preSolution
		Debug|Any CPU = Debug|Any CPU
		Release|Any CPU = Release|Any CPU
	EndGlobalSection
	GlobalSection(ProjectConfigurationPlatforms) = postSolution
		{8DCD74DD-6006-459E-B4ED-CFB6FB377ACA}.Debug|Any CPU.ActiveCfg = Debug|Any CPU
		{8DCD74DD-6006-459E-B4ED-CFB6FB377ACA}.Debug|Any CPU.Build.0 = Debug|Any CPU
		{8DCD74DD-6006-459E-B4ED-CFB6FB377ACA}.Release|Any CPU.ActiveCfg = Release|Any CPU
		{8DCD74DD-6006-459E-B4ED-CFB6FB377ACA}.Release|Any CPU.Build.0 = Release|Any CPU
	EndGlobalSection
	GlobalSection(SolutionProperties) = preSolution
		HideSolutionNode = FALSE
	EndGlobalSection
	GlobalSection(ExtensibilityGlobals) = postSolution
		SolutionGuid = {C8003093-8D92-40A8-A5CF-B2FEF43B91F3}
	EndGlobalSection
EndGlobal
